
Microsoft Visual Studio Solution File, Format Version 12.00
# Visual Studio 2012
Project("{F2A71F9B-5D33-465A-A702-920D77279786}") = "YY", "YY\YY.fsproj", "{165D1997-C630-4D0D-AA20-6A5915A35FA3}"
EndProject
Project("{F2A71F9B-5D33-465A-A702-920D77279786}") = "TestYY", "TestYY\TestYY.fsproj", "{690C52E8-AF8E-445A-8359-C43B1B8F660A}"
EndProject
Global
	GlobalSection(SolutionConfigurationPlatforms) = preSolution
		Debug|Any CPU = Debug|Any CPU
		Release|Any CPU = Release|Any CPU
	EndGlobalSection
	GlobalSection(ProjectConfigurationPlatforms) = postSolution
		{165D1997-C630-4D0D-AA20-6A5915A35FA3}.Debug|Any CPU.ActiveCfg = Debug|Any CPU
		{165D1997-C630-4D0D-AA20-6A5915A35FA3}.Debug|Any CPU.Build.0 = Debug|Any CPU
		{165D1997-C630-4D0D-AA20-6A5915A35FA3}.Release|Any CPU.ActiveCfg = Release|Any CPU
		{165D1997-C630-4D0D-AA20-6A5915A35FA3}.Release|Any CPU.Build.0 = Release|Any CPU
		{690C52E8-AF8E-445A-8359-C43B1B8F660A}.Debug|Any CPU.ActiveCfg = Debug|Any CPU
		{690C52E8-AF8E-445A-8359-C43B1B8F660A}.Debug|Any CPU.Build.0 = Debug|Any CPU
		{690C52E8-AF8E-445A-8359-C43B1B8F660A}.Release|Any CPU.ActiveCfg = Release|Any CPU
		{690C52E8-AF8E-445A-8359-C43B1B8F660A}.Release|Any CPU.Build.0 = Release|Any CPU
	EndGlobalSection
	GlobalSection(SolutionProperties) = preSolution
		HideSolutionNode = FALSE
	EndGlobalSection
EndGlobal
